
Microsoft Visual Studio Solution File, Format Version 12.00
# Visual Studio Version 17
VisualStudioVersion = 17.2.32505.173
MinimumVisualStudioVersion = 10.0.40219.1
Project("{FAE04EC0-301F-11D3-BF4B-00C04F79EFBC}") = "Sortowanie", "Sortowanie\Sortowanie.csproj", "{56700289-4D92-4C93-B409-9E1FD6C7998C}"
EndProject
Global
	GlobalSection(SolutionConfigurationPlatforms) = preSolution
		Debug|Any CPU = Debug|Any CPU
		Release|Any CPU = Release|Any CPU
	EndGlobalSection
	GlobalSection(ProjectConfigurationPlatforms) = postSolution
		{56700289-4D92-4C93-B409-9E1FD6C7998C}.Debug|Any CPU.ActiveCfg = Debug|Any CPU
		{56700289-4D92-4C93-B409-9E1FD6C7998C}.Debug|Any CPU.Build.0 = Debug|Any CPU
		{56700289-4D92-4C93-B409-9E1FD6C7998C}.Release|Any CPU.ActiveCfg = Release|Any CPU
		{56700289-4D92-4C93-B409-9E1FD6C7998C}.Release|Any CPU.Build.0 = Release|Any CPU
	EndGlobalSection
	GlobalSection(SolutionProperties) = preSolution
		HideSolutionNode = FALSE
	EndGlobalSection
	GlobalSection(ExtensibilityGlobals) = postSolution
		SolutionGuid = {11D6820D-05A4-456A-A337-7F0EDD821A0A}
	EndGlobalSection
EndGlobal
